
Microsoft Visual Studio Solution File, Format Version 12.00
# Visual Studio Version 17
VisualStudioVersion = 17.1.32414.318
MinimumVisualStudioVersion = 10.0.40219.1
Project("{FAE04EC0-301F-11D3-BF4B-00C04F79EFBC}") = "VeinControl", "VeinControl\VeinControl.csproj", "{4D37A74F-E2C4-4BB1-94C4-2E18906CFE74}"
EndProject
Global
	GlobalSection(SolutionConfigurationPlatforms) = preSolution
		Debug|Any CPU = Debug|Any CPU
		Release|Any CPU = Release|Any CPU
	EndGlobalSection
	GlobalSection(ProjectConfigurationPlatforms) = postSolution
		{4D37A74F-E2C4-4BB1-94C4-2E18906CFE74}.Debug|Any CPU.ActiveCfg = Debug|Any CPU
		{4D37A74F-E2C4-4BB1-94C4-2E18906CFE74}.Debug|Any CPU.Build.0 = Debug|Any CPU
		{4D37A74F-E2C4-4BB1-94C4-2E18906CFE74}.Release|Any CPU.ActiveCfg = Release|Any CPU
		{4D37A74F-E2C4-4BB1-94C4-2E18906CFE74}.Release|Any CPU.Build.0 = Release|Any CPU
	EndGlobalSection
	GlobalSection(SolutionProperties) = preSolution
		HideSolutionNode = FALSE
	EndGlobalSection
	GlobalSection(ExtensibilityGlobals) = postSolution
		SolutionGuid = {D9EF4607-0606-4B53-8A7E-E7D2A139FF6C}
	EndGlobalSection
EndGlobal
